#
# This file is autogenerated by pip-compile with Python 3.12
# by the following command:
#
#    pip-compile --output-file=requirements.lock requirements.in
#
--index-url https://pypi.tuna.tsinghua.edu.cn/simple
--trusted-host pypi.tuna.tsinghua.edu.cn

allure-pytest==2.15.3
    # via -r requirements.in
allure-python-commons==2.15.3
    # via
    #   -r requirements.in
    #   allure-pytest
attrs==26.1.0
    # via allure-python-commons
certifi==2026.2.25
    # via requests
cffi==2.0.0
    # via cryptography
charset-normalizer==3.4.6
    # via requests
colorama==0.4.6
    # via pytest
coverage[toml]==7.12.0
    # via
    #   -r requirements.in
    #   pytest-cov
cryptography==46.0.6
    # via -r requirements.in
execnet==2.1.2
    # via pytest-xdist
faker==40.11.1
    # via -r requirements.in
greenlet==3.3.2
    # via playwright
idna==3.11
    # via requests
iniconfig==2.3.0
    # via pytest
jinja2==3.1.6
    # via pytest-html
markupsafe==3.0.3
    # via jinja2
packaging==26.0
    # via
    #   pytest
    #   pytest-rerunfailures
playwright==1.58.0
    # via
    #   -r requirements.in
    #   pytest-playwright
pluggy==1.6.0
    # via
    #   allure-python-commons
    #   pytest
    #   pytest-cov
pycparser==3.0
    # via cffi
pyee==13.0.1
    # via playwright
pygments==2.19.2
    # via pytest
pytest==9.0.2
    # via
    #   -r requirements.in
    #   allure-pytest
    #   pytest-base-url
    #   pytest-cov
    #   pytest-html
    #   pytest-metadata
    #   pytest-playwright
    #   pytest-rerunfailures
    #   pytest-xdist
pytest-base-url==2.1.0
    # via pytest-playwright
pytest-cov==7.1.0
    # via -r requirements.in
pytest-html==4.2.0
    # via -r requirements.in
pytest-metadata==3.1.1
    # via pytest-html
pytest-playwright==0.7.2
    # via -r requirements.in
pytest-rerunfailures==16.1
    # via -r requirements.in
pytest-xdist==3.8.0
    # via -r requirements.in
python-dotenv==1.2.2
    # via -r requirements.in
python-slugify==8.0.4
    # via pytest-playwright
pyyaml==6.0.3
    # via -r requirements.in
requests==2.33.0
    # via
    #   -r requirements.in
    #   pytest-base-url
text-unidecode==1.3
    # via python-slugify
typing-extensions==4.15.0
    # via pyee
tzdata==2025.3
    # via faker
urllib3==2.6.3
    # via requests
